// !$*UTF8*$!
{
	archiveVersion = 1;
	classes = {
	};
	objectVersion = 56;
	objects = {

/* Begin PBXBuildFile section */
		5979A0662A7DD37E001D1250 /* StateMachine.swift in Sources */ = {isa = PBXBuildFile; fileRef = 5979A0652A7DD37E001D1250 /* StateMachine.swift */; };
		5979A0682A7DE8B2001D1250 /* teleport.wav in Resources */ = {isa = PBXBuildFile; fileRef = 5979A0672A7DE8B2001D1250 /* teleport.wav */; };
		5979A06A2A7DE8BB001D1250 /* grandebola.wav in Resources */ = {isa = PBXBuildFile; fileRef = 5979A0692A7DE8BB001D1250 /* grandebola.wav */; };
		5979A06C2A7DE8C3001D1250 /* gokuup.wav in Resources */ = {isa = PBXBuildFile; fileRef = 5979A06B2A7DE8C3001D1250 /* gokuup.wav */; };
		5979A06E2A7DE8CB001D1250 /* bola.wav in Resources */ = {isa = PBXBuildFile; fileRef = 5979A06D2A7DE8CB001D1250 /* bola.wav */; };
		597B19F12A785A46002EF4C7 /* AppDelegate.swift in Sources */ = {isa = PBXBuildFile; fileRef = 597B19F02A785A46002EF4C7 /* AppDelegate.swift */; };
		597B19F32A785A46002EF4C7 /* SceneDelegate.swift in Sources */ = {isa = PBXBuildFile; fileRef = 597B19F22A785A46002EF4C7 /* SceneDelegate.swift */; };
		597B19F52A785A46002EF4C7 /* ViewController.swift in Sources */ = {isa = PBXBuildFile; fileRef = 597B19F42A785A46002EF4C7 /* ViewController.swift */; };
		597B19F82A785A46002EF4C7 /* Main.storyboard in Resources */ = {isa = PBXBuildFile; fileRef = 597B19F62A785A46002EF4C7 /* Main.storyboard */; };
		597B19FA2A785A49002EF4C7 /* Assets.xcassets in Resources */ = {isa = PBXBuildFile; fileRef = 597B19F92A785A49002EF4C7 /* Assets.xcassets */; };
		597B19FD2A785A49002EF4C7 /* LaunchScreen.storyboard in Resources */ = {isa = PBXBuildFile; fileRef = 597B19FB2A785A49002EF4C7 /* LaunchScreen.storyboard */; };
		599516AA2A7C906600E8F6FD /* strike.wav in Resources */ = {isa = PBXBuildFile; fileRef = 599516A92A7C906600E8F6FD /* strike.wav */; };
		599516AC2A7C920B00E8F6FD /* superstrike.wav in Resources */ = {isa = PBXBuildFile; fileRef = 599516AB2A7C920B00E8F6FD /* superstrike.wav */; };
		599516AF2A7C923300E8F6FD /* rightwalk.wav in Resources */ = {isa = PBXBuildFile; fileRef = 599516AD2A7C923300E8F6FD /* rightwalk.wav */; };
		599516B02A7C923300E8F6FD /* leftwalk.wav in Resources */ = {isa = PBXBuildFile; fileRef = 599516AE2A7C923300E8F6FD /* leftwalk.wav */; };
		59A22CED2A7B19DF00F72061 /* backgroundmusic1.mp3 in Resources */ = {isa = PBXBuildFile; fileRef = 59A22CEC2A7B19DF00F72061 /* backgroundmusic1.mp3 */; };
		59A3E9352A84848D00A8D506 /* afterbackgroundchange.wav in Resources */ = {isa = PBXBuildFile; fileRef = 59A3E9342A84848D00A8D506 /* afterbackgroundchange.wav */; };
		59A3E9372A8512A700A8D506 /* ssj3.wav in Resources */ = {isa = PBXBuildFile; fileRef = 59A3E9362A8512A700A8D506 /* ssj3.wav */; };
		59A3E9392A8512BF00A8D506 /* dragonfirstsound.wav in Resources */ = {isa = PBXBuildFile; fileRef = 59A3E9382A8512BF00A8D506 /* dragonfirstsound.wav */; };
		59B97DE22A7B33BD0008A33B /* somssj.wav in Resources */ = {isa = PBXBuildFile; fileRef = 59B97DE12A7B33BD0008A33B /* somssj.wav */; };
		59B97DE42A7B33C40008A33B /* reverttransform.wav in Resources */ = {isa = PBXBuildFile; fileRef = 59B97DE32A7B33C40008A33B /* reverttransform.wav */; };
/* End PBXBuildFile section */

/* Begin PBXFileReference section */
		5979A0652A7DD37E001D1250 /* StateMachine.swift */ = {isa = PBXFileReference; lastKnownFileType = sourcecode.swift; path = StateMachine.swift; sourceTree = "<group>"; };
		5979A0672A7DE8B2001D1250 /* teleport.wav */ = {isa = PBXFileReference; lastKnownFileType = audio.wav; path = teleport.wav; sourceTree = "<group>"; };
		5979A0692A7DE8BB001D1250 /* grandebola.wav */ = {isa = PBXFileReference; lastKnownFileType = audio.wav; path = grandebola.wav; sourceTree = "<group>"; };
		5979A06B2A7DE8C3001D1250 /* gokuup.wav */ = {isa = PBXFileReference; lastKnownFileType = audio.wav; path = gokuup.wav; sourceTree = "<group>"; };
		5979A06D2A7DE8CB001D1250 /* bola.wav */ = {isa = PBXFileReference; lastKnownFileType = audio.wav; path = bola.wav; sourceTree = "<group>"; };
		597B19ED2A785A46002EF4C7 /* firstgame.app */ = {isa = PBXFileReference; explicitFileType = wrapper.application; includeInIndex = 0; path = firstgame.app; sourceTree = BUILT_PRODUCTS_DIR; };
		597B19F02A785A46002EF4C7 /* AppDelegate.swift */ = {isa = PBXFileReference; lastKnownFileType = sourcecode.swift; path = AppDelegate.swift; sourceTree = "<group>"; };
		597B19F22A785A46002EF4C7 /* SceneDelegate.swift */ = {isa = PBXFileReference; lastKnownFileType = sourcecode.swift; path = SceneDelegate.swift; sourceTree = "<group>"; };
		597B19F42A785A46002EF4C7 /* ViewController.swift */ = {isa = PBXFileReference; lastKnownFileType = sourcecode.swift; path = ViewController.swift; sourceTree = "<group>"; };
		597B19F72A785A46002EF4C7 /* Base */ = {isa = PBXFileReference; lastKnownFileType = file.storyboard; name = Base; path = Base.lproj/Main.storyboard; sourceTree = "<group>"; };
		597B19F92A785A49002EF4C7 /* Assets.xcassets */ = {isa = PBXFileReference; lastKnownFileType = folder.assetcatalog; path = Assets.xcassets; sourceTree = "<group>"; };
		597B19FC2A785A49002EF4C7 /* Base */ = {isa = PBXFileReference; lastKnownFileType = file.storyboard; name = Base; path = Base.lproj/LaunchScreen.storyboard; sourceTree = "<group>"; };
		597B19FE2A785A49002EF4C7 /* Info.plist */ = {isa = PBXFileReference; lastKnownFileType = text.plist.xml; path = Info.plist; sourceTree = "<group>"; };
		599516A92A7C906600E8F6FD /* strike.wav */ = {isa = PBXFileReference; lastKnownFileType = audio.wav; path = strike.wav; sourceTree = "<group>"; };
		599516AB2A7C920B00E8F6FD /* superstrike.wav */ = {isa = PBXFileReference; lastKnownFileType = audio.wav; path = superstrike.wav; sourceTree = "<group>"; };
		599516AD2A7C923300E8F6FD /* rightwalk.wav */ = {isa = PBXFileReference; lastKnownFileType = audio.wav; path = rightwalk.wav; sourceTree = "<group>"; };
		599516AE2A7C923300E8F6FD /* leftwalk.wav */ = {isa = PBXFileReference; lastKnownFileType = audio.wav; path = leftwalk.wav; sourceTree = "<group>"; };
		59A22CEC2A7B19DF00F72061 /* backgroundmusic1.mp3 */ = {isa = PBXFileReference; lastKnownFileType = audio.mp3; path = backgroundmusic1.mp3; sourceTree = "<group>"; };
		59A3E9342A84848D00A8D506 /* afterbackgroundchange.wav */ = {isa = PBXFileReference; lastKnownFileType = audio.wav; path = afterbackgroundchange.wav; sourceTree = "<group>"; };
		59A3E9362A8512A700A8D506 /* ssj3.wav */ = {isa = PBXFileReference; lastKnownFileType = audio.wav; path = ssj3.wav; sourceTree = "<group>"; };
		59A3E9382A8512BF00A8D506 /* dragonfirstsound.wav */ = {isa = PBXFileReference; lastKnownFileType = audio.wav; path = dragonfirstsound.wav; sourceTree = "<group>"; };
		59B97DE12A7B33BD0008A33B /* somssj.wav */ = {isa = PBXFileReference; lastKnownFileType = audio.wav; path = somssj.wav; sourceTree = "<group>"; };
		59B97DE32A7B33C40008A33B /* reverttransform.wav */ = {isa = PBXFileReference; lastKnownFileType = audio.wav; path = reverttransform.wav; sourceTree = "<group>"; };
/* End PBXFileReference section */

/* Begin PBXFrameworksBuildPhase section */
		597B19EA2A785A46002EF4C7 /* Frameworks */ = {
			isa = PBXFrameworksBuildPhase;
			buildActionMask = 2147483647;
			files = (
			);
			runOnlyForDeploymentPostprocessing = 0;
		};
/* End PBXFrameworksBuildPhase section */

/* Begin PBXGroup section */
		597B19E42A785A46002EF4C7 = {
			isa = PBXGroup;
			children = (
				597B19EF2A785A46002EF4C7 /* firstgame */,
				597B19EE2A785A46002EF4C7 /* Products */,
			);
			sourceTree = "<group>";
		};
		597B19EE2A785A46002EF4C7 /* Products */ = {
			isa = PBXGroup;
			children = (
				597B19ED2A785A46002EF4C7 /* firstgame.app */,
			);
			name = Products;
			sourceTree = "<group>";
		};
		597B19EF2A785A46002EF4C7 /* firstgame */ = {
			isa = PBXGroup;
			children = (
				597B19F02A785A46002EF4C7 /* AppDelegate.swift */,
				597B19F22A785A46002EF4C7 /* SceneDelegate.swift */,
				597B19F42A785A46002EF4C7 /* ViewController.swift */,
				597B19F62A785A46002EF4C7 /* Main.storyboard */,
				597B19F92A785A49002EF4C7 /* Assets.xcassets */,
				597B19FB2A785A49002EF4C7 /* LaunchScreen.storyboard */,
				597B19FE2A785A49002EF4C7 /* Info.plist */,
				59A22CE72A7B18EF00F72061 /* Sounds */,
				5979A0652A7DD37E001D1250 /* StateMachine.swift */,
			);
			path = firstgame;
			sourceTree = "<group>";
		};
		59A22CE72A7B18EF00F72061 /* Sounds */ = {
			isa = PBXGroup;
			children = (
				59A22CEC2A7B19DF00F72061 /* backgroundmusic1.mp3 */,
				59B97DE12A7B33BD0008A33B /* somssj.wav */,
				59B97DE32A7B33C40008A33B /* reverttransform.wav */,
				599516A92A7C906600E8F6FD /* strike.wav */,
				599516AB2A7C920B00E8F6FD /* superstrike.wav */,
				599516AE2A7C923300E8F6FD /* leftwalk.wav */,
				59A3E9362A8512A700A8D506 /* ssj3.wav */,
				59A3E9382A8512BF00A8D506 /* dragonfirstsound.wav */,
				599516AD2A7C923300E8F6FD /* rightwalk.wav */,
				5979A0672A7DE8B2001D1250 /* teleport.wav */,
				5979A0692A7DE8BB001D1250 /* grandebola.wav */,
				5979A06B2A7DE8C3001D1250 /* gokuup.wav */,
				59A3E9342A84848D00A8D506 /* afterbackgroundchange.wav */,
				5979A06D2A7DE8CB001D1250 /* bola.wav */,
			);
			path = Sounds;
			sourceTree = "<group>";
		};
/* End PBXGroup section */

/* Begin PBXNativeTarget section */
		597B19EC2A785A46002EF4C7 /* firstgame */ = {
			isa = PBXNativeTarget;
			buildConfigurationList = 597B1A012A785A49002EF4C7 /* Build configuration list for PBXNativeTarget "firstgame" */;
			buildPhases = (
				597B19E92A785A46002EF4C7 /* Sources */,
				597B19EA2A785A46002EF4C7 /* Frameworks */,
				597B19EB2A785A46002EF4C7 /* Resources */,
			);
			buildRules = (
			);
			dependencies = (
			);
			name = firstgame;
			productName = firstgame;
			productReference = 597B19ED2A785A46002EF4C7 /* firstgame.app */;
			productType = "com.apple.product-type.application";
		};
/* End PBXNativeTarget section */

/* Begin PBXProject section */
		597B19E52A785A46002EF4C7 /* Project object */ = {
			isa = PBXProject;
			attributes = {
				BuildIndependentTargetsInParallel = 1;
				LastSwiftUpdateCheck = 1400;
				LastUpgradeCheck = 1400;
				TargetAttributes = {
					597B19EC2A785A46002EF4C7 = {
						CreatedOnToolsVersion = 14.0.1;
					};
				};
			};
			buildConfigurationList = 597B19E82A785A46002EF4C7 /* Build configuration list for PBXProject "firstgame" */;
			compatibilityVersion = "Xcode 14.0";
			developmentRegion = en;
			hasScannedForEncodings = 0;
			knownRegions = (
				en,
				Base,
			);
			mainGroup = 597B19E42A785A46002EF4C7;
			productRefGroup = 597B19EE2A785A46002EF4C7 /* Products */;
			projectDirPath = "";
			projectRoot = "";
			targets = (
				597B19EC2A785A46002EF4C7 /* firstgame */,
			);
		};
/* End PBXProject section */

/* Begin PBXResourcesBuildPhase section */
		597B19EB2A785A46002EF4C7 /* Resources */ = {
			isa = PBXResourcesBuildPhase;
			buildActionMask = 2147483647;
			files = (
				59B97DE22A7B33BD0008A33B /* somssj.wav in Resources */,
				5979A0682A7DE8B2001D1250 /* teleport.wav in Resources */,
				59A3E9392A8512BF00A8D506 /* dragonfirstsound.wav in Resources */,
				59B97DE42A7B33C40008A33B /* reverttransform.wav in Resources */,
				599516B02A7C923300E8F6FD /* leftwalk.wav in Resources */,
				599516AF2A7C923300E8F6FD /* rightwalk.wav in Resources */,
				5979A06C2A7DE8C3001D1250 /* gokuup.wav in Resources */,
				5979A06E2A7DE8CB001D1250 /* bola.wav in Resources */,
				59A3E9372A8512A700A8D506 /* ssj3.wav in Resources */,
				59A3E9352A84848D00A8D506 /* afterbackgroundchange.wav in Resources */,
				5979A06A2A7DE8BB001D1250 /* grandebola.wav in Resources */,
				597B19FD2A785A49002EF4C7 /* LaunchScreen.storyboard in Resources */,
				597B19FA2A785A49002EF4C7 /* Assets.xcassets in Resources */,
				599516AC2A7C920B00E8F6FD /* superstrike.wav in Resources */,
				597B19F82A785A46002EF4C7 /* Main.storyboard in Resources */,
				59A22CED2A7B19DF00F72061 /* backgroundmusic1.mp3 in Resources */,
				599516AA2A7C906600E8F6FD /* strike.wav in Resources */,
			);
			runOnlyForDeploymentPostprocessing = 0;
		};
/* End PBXResourcesBuildPhase section */

/* Begin PBXSourcesBuildPhase section */
		597B19E92A785A46002EF4C7 /* Sources */ = {
			isa = PBXSourcesBuildPhase;
			buildActionMask = 2147483647;
			files = (
				597B19F52A785A46002EF4C7 /* ViewController.swift in Sources */,
				597B19F12A785A46002EF4C7 /* AppDelegate.swift in Sources */,
				597B19F32A785A46002EF4C7 /* SceneDelegate.swift in Sources */,
				5979A0662A7DD37E001D1250 /* StateMachine.swift in Sources */,
			);
			runOnlyForDeploymentPostprocessing = 0;
		};
/* End PBXSourcesBuildPhase section */

/* Begin PBXVariantGroup section */
		597B19F62A785A46002EF4C7 /* Main.storyboard */ = {
			isa = PBXVariantGroup;
			children = (
				597B19F72A785A46002EF4C7 /* Base */,
			);
			name = Main.storyboard;
			sourceTree = "<group>";
		};
		597B19FB2A785A49002EF4C7 /* LaunchScreen.storyboard */ = {
			isa = PBXVariantGroup;
			children = (
				597B19FC2A785A49002EF4C7 /* Base */,
			);
			name = LaunchScreen.storyboard;
			sourceTree = "<group>";
		};
/* End PBXVariantGroup section */

/* Begin XCBuildConfiguration section */
		597B19FF2A785A49002EF4C7 /* Debug */ = {
			isa = XCBuildConfiguration;
			buildSettings = {
				ALWAYS_SEARCH_USER_PATHS = NO;
				CLANG_ANALYZER_NONNULL = YES;
				CLANG_ANALYZER_NUMBER_OBJECT_CONVERSION = YES_AGGRESSIVE;
				CLANG_CXX_LANGUAGE_STANDARD = "gnu++20";
				CLANG_ENABLE_MODULES = YES;
				CLANG_ENABLE_OBJC_ARC = YES;
				CLANG_ENABLE_OBJC_WEAK = YES;
				CLANG_WARN_BLOCK_CAPTURE_AUTORELEASING = YES;
				CLANG_WARN_BOOL_CONVERSION = YES;
				CLANG_WARN_COMMA = YES;
				CLANG_WARN_CONSTANT_CONVERSION = YES;
				CLANG_WARN_DEPRECATED_OBJC_IMPLEMENTATIONS = YES;
				CLANG_WARN_DIRECT_OBJC_ISA_USAGE = YES_ERROR;
				CLANG_WARN_DOCUMENTATION_COMMENTS = YES;
				CLANG_WARN_EMPTY_BODY = YES;
				CLANG_WARN_ENUM_CONVERSION = YES;
				CLANG_WARN_INFINITE_RECURSION = YES;
				CLANG_WARN_INT_CONVERSION = YES;
				CLANG_WARN_NON_LITERAL_NULL_CONVERSION = YES;
				CLANG_WARN_OBJC_IMPLICIT_RETAIN_SELF = YES;
				CLANG_WARN_OBJC_LITERAL_CONVERSION = YES;
				CLANG_WARN_OBJC_ROOT_CLASS = YES_ERROR;
				CLANG_WARN_QUOTED_INCLUDE_IN_FRAMEWORK_HEADER = YES;
				CLANG_WARN_RANGE_LOOP_ANALYSIS = YES;
				CLANG_WARN_STRICT_PROTOTYPES = YES;
				CLANG_WARN_SUSPICIOUS_MOVE = YES;
				CLANG_WARN_UNGUARDED_AVAILABILITY = YES_AGGRESSIVE;
				CLANG_WARN_UNREACHABLE_CODE = YES;
				CLANG_WARN__DUPLICATE_METHOD_MATCH = YES;
				COPY_PHASE_STRIP = NO;
				DEBUG_INFORMATION_FORMAT = dwarf;
				ENABLE_STRICT_OBJC_MSGSEND = YES;
				ENABLE_TESTABILITY = YES;
				GCC_C_LANGUAGE_STANDARD = gnu11;
				GCC_DYNAMIC_NO_PIC = NO;
				GCC_NO_COMMON_BLOCKS = YES;
				GCC_OPTIMIZATION_LEVEL = 0;
				GCC_PREPROCESSOR_DEFINITIONS = (
					"DEBUG=1",
					"$(inherited)",
				);
				GCC_WARN_64_TO_32_BIT_CONVERSION = YES;
				GCC_WARN_ABOUT_RETURN_TYPE = YES_ERROR;
				GCC_WARN_UNDECLARED_SELECTOR = YES;
				GCC_WARN_UNINITIALIZED_AUTOS = YES_AGGRESSIVE;
				GCC_WARN_UNUSED_FUNCTION = YES;
				GCC_WARN_UNUSED_VARIABLE = YES;
				IPHONEOS_DEPLOYMENT_TARGET = 16.0;
				MTL_ENABLE_DEBUG_INFO = INCLUDE_SOURCE;
				MTL_FAST_MATH = YES;
				ONLY_ACTIVE_ARCH = YES;
				SDKROOT = iphoneos;
				SWIFT_ACTIVE_COMPILATION_CONDITIONS = DEBUG;
				SWIFT_OPTIMIZATION_LEVEL = "-Onone";
			};
			name = Debug;
		};
		597B1A002A785A49002EF4C7 /* Release */ = {
			isa = XCBuildConfiguration;
			buildSettings = {
				ALWAYS_SEARCH_USER_PATHS = NO;
				CLANG_ANALYZER_NONNULL = YES;
				CLANG_ANALYZER_NUMBER_OBJECT_CONVERSION = YES_AGGRESSIVE;
				CLANG_CXX_LANGUAGE_STANDARD = "gnu++20";
				CLANG_ENABLE_MODULES = YES;
				CLANG_ENABLE_OBJC_ARC = YES;
				CLANG_ENABLE_OBJC_WEAK = YES;
				CLANG_WARN_BLOCK_CAPTURE_AUTORELEASING = YES;
				CLANG_WARN_BOOL_CONVERSION = YES;
				CLANG_WARN_COMMA = YES;
				CLANG_WARN_CONSTANT_CONVERSION = YES;
				CLANG_WARN_DEPRECATED_OBJC_IMPLEMENTATIONS = YES;
				CLANG_WARN_DIRECT_OBJC_ISA_USAGE = YES_ERROR;
				CLANG_WARN_DOCUMENTATION_COMMENTS = YES;
				CLANG_WARN_EMPTY_BODY = YES;
				CLANG_WARN_ENUM_CONVERSION = YES;
				CLANG_WARN_INFINITE_RECURSION = YES;
				CLANG_WARN_INT_CONVERSION = YES;
				CLANG_WARN_NON_LITERAL_NULL_CONVERSION = YES;
				CLANG_WARN_OBJC_IMPLICIT_RETAIN_SELF = YES;
				CLANG_WARN_OBJC_LITERAL_CONVERSION = YES;
				CLANG_WARN_OBJC_ROOT_CLASS = YES_ERROR;
				CLANG_WARN_QUOTED_INCLUDE_IN_FRAMEWORK_HEADER = YES;
				CLANG_WARN_RANGE_LOOP_ANALYSIS = YES;
				CLANG_WARN_STRICT_PROTOTYPES = YES;
				CLANG_WARN_SUSPICIOUS_MOVE = YES;
				CLANG_WARN_UNGUARDED_AVAILABILITY = YES_AGGRESSIVE;
				CLANG_WARN_UNREACHABLE_CODE = YES;
				CLANG_WARN__DUPLICATE_METHOD_MATCH = YES;
				COPY_PHASE_STRIP = NO;
				DEBUG_INFORMATION_FORMAT = "dwarf-with-dsym";
				ENABLE_NS_ASSERTIONS = NO;
				ENABLE_STRICT_OBJC_MSGSEND = YES;
				GCC_C_LANGUAGE_STANDARD = gnu11;
				GCC_NO_COMMON_BLOCKS = YES;
				GCC_WARN_64_TO_32_BIT_CONVERSION = YES;
				GCC_WARN_ABOUT_RETURN_TYPE = YES_ERROR;
				GCC_WARN_UNDECLARED_SELECTOR = YES;
				GCC_WARN_UNINITIALIZED_AUTOS = YES_AGGRESSIVE;
				GCC_WARN_UNUSED_FUNCTION = YES;
				GCC_WARN_UNUSED_VARIABLE = YES;
				IPHONEOS_DEPLOYMENT_TARGET = 16.0;
				MTL_ENABLE_DEBUG_INFO = NO;
				MTL_FAST_MATH = YES;
				SDKROOT = iphoneos;
				SWIFT_COMPILATION_MODE = wholemodule;
				SWIFT_OPTIMIZATION_LEVEL = "-O";
				VALIDATE_PRODUCT = YES;
			};
			name = Release;
		};
		597B1A022A785A49002EF4C7 /* Debug */ = {
			isa = XCBuildConfiguration;
			buildSettings = {
				ASSETCATALOG_COMPILER_APPICON_NAME = AppIcon;
				ASSETCATALOG_COMPILER_GLOBAL_ACCENT_COLOR_NAME = AccentColor;
				CODE_SIGN_STYLE = Automatic;
				CURRENT_PROJECT_VERSION = 1;
				GENERATE_INFOPLIST_FILE = YES;
				INFOPLIST_FILE = firstgame/Info.plist;
				INFOPLIST_KEY_UIApplicationSupportsIndirectInputEvents = YES;
				INFOPLIST_KEY_UILaunchStoryboardName = LaunchScreen;
				INFOPLIST_KEY_UIMainStoryboardFile = Main;
				INFOPLIST_KEY_UISupportedInterfaceOrientations_iPad = "UIInterfaceOrientationPortrait UIInterfaceOrientationPortraitUpsideDown UIInterfaceOrientationLandscapeLeft UIInterfaceOrientationLandscapeRight";
				INFOPLIST_KEY_UISupportedInterfaceOrientations_iPhone = "UIInterfaceOrientationPortrait UIInterfaceOrientationLandscapeLeft UIInterfaceOrientationLandscapeRight";
				LD_RUNPATH_SEARCH_PATHS = (
					"$(inherited)",
					"@executable_path/Frameworks",
				);
				MARKETING_VERSION = 1.0;
				PRODUCT_BUNDLE_IDENTIFIER = com.renatoHissa.firstgame;
				PRODUCT_NAME = "$(TARGET_NAME)";
				SWIFT_EMIT_LOC_STRINGS = YES;
				SWIFT_VERSION = 5.0;
				TARGETED_DEVICE_FAMILY = "1,2";
			};
			name = Debug;
		};
		597B1A032A785A49002EF4C7 /* Release */ = {
			isa = XCBuildConfiguration;
			buildSettings = {
				ASSETCATALOG_COMPILER_APPICON_NAME = AppIcon;
				ASSETCATALOG_COMPILER_GLOBAL_ACCENT_COLOR_NAME = AccentColor;
				CODE_SIGN_STYLE = Automatic;
				CURRENT_PROJECT_VERSION = 1;
				GENERATE_INFOPLIST_FILE = YES;
				INFOPLIST_FILE = firstgame/Info.plist;
				INFOPLIST_KEY_UIApplicationSupportsIndirectInputEvents = YES;
				INFOPLIST_KEY_UILaunchStoryboardName = LaunchScreen;
				INFOPLIST_KEY_UIMainStoryboardFile = Main;
				INFOPLIST_KEY_UISupportedInterfaceOrientations_iPad = "UIInterfaceOrientationPortrait UIInterfaceOrientationPortraitUpsideDown UIInterfaceOrientationLandscapeLeft UIInterfaceOrientationLandscapeRight";
				INFOPLIST_KEY_UISupportedInterfaceOrientations_iPhone = "UIInterfaceOrientationPortrait UIInterfaceOrientationLandscapeLeft UIInterfaceOrientationLandscapeRight";
				LD_RUNPATH_SEARCH_PATHS = (
					"$(inherited)",
					"@executable_path/Frameworks",
				);
				MARKETING_VERSION = 1.0;
				PRODUCT_BUNDLE_IDENTIFIER = com.renatoHissa.firstgame;
				PRODUCT_NAME = "$(TARGET_NAME)";
				SWIFT_EMIT_LOC_STRINGS = YES;
				SWIFT_VERSION = 5.0;
				TARGETED_DEVICE_FAMILY = "1,2";
			};
			name = Release;
		};
/* End XCBuildConfiguration section */

/* Begin XCConfigurationList section */
		597B19E82A785A46002EF4C7 /* Build configuration list for PBXProject "firstgame" */ = {
			isa = XCConfigurationList;
			buildConfigurations = (
				597B19FF2A785A49002EF4C7 /* Debug */,
				597B1A002A785A49002EF4C7 /* Release */,
			);
			defaultConfigurationIsVisible = 0;
			defaultConfigurationName = Release;
		};
		597B1A012A785A49002EF4C7 /* Build configuration list for PBXNativeTarget "firstgame" */ = {
			isa = XCConfigurationList;
			buildConfigurations = (
				597B1A022A785A49002EF4C7 /* Debug */,
				597B1A032A785A49002EF4C7 /* Release */,
			);
			defaultConfigurationIsVisible = 0;
			defaultConfigurationName = Release;
		};
/* End XCConfigurationList section */
	};
	rootObject = 597B19E52A785A46002EF4C7 /* Project object */;
}
